
Microsoft Visual Studio Solution File, Format Version 12.00
# Visual Studio Version 16
VisualStudioVersion = 16.0.32126.315
MinimumVisualStudioVersion = 10.0.40219.1
Project("{FAE04EC0-301F-11D3-BF4B-00C04F79EFBC}") = "ISchemm.UTF32.Tests", "ISchemm.UTF32.Tests\ISchemm.UTF32.Tests.csproj", "{29C42694-17D0-4B86-9D0C-916D0B8BF0D8}"
EndProject
Project("{FAE04EC0-301F-11D3-BF4B-00C04F79EFBC}") = "ISchemm.UTF32.Arrays", "ISchemm.UTF32.Arrays\ISchemm.UTF32.Arrays.csproj", "{65C09EEE-7AA2-4F0B-9808-3CD8C61A4A7A}"
EndProject
Project("{FAE04EC0-301F-11D3-BF4B-00C04F79EFBC}") = "ISchemm.UTF32.Strings", "ISchemm.UTF32.Strings\ISchemm.UTF32.Strings.csproj", "{217B7F7E-C9D7-4350-95F6-7BC5EA99A10C}"
EndProject
Project("{F2A71F9B-5D33-465A-A702-920D77279786}") = "ISchemm.UTF32", "ISchemm.UTF32\ISchemm.UTF32.fsproj", "{65A560DD-45E9-46C2-8B5C-69243221EDFF}"
EndProject
Global
	GlobalSection(SolutionConfigurationPlatforms) = preSolution
		Debug|Any CPU = Debug|Any CPU
		Release|Any CPU = Release|Any CPU
	EndGlobalSection
	GlobalSection(ProjectConfigurationPlatforms) = postSolution
		{29C42694-17D0-4B86-9D0C-916D0B8BF0D8}.Debug|Any CPU.ActiveCfg = Debug|Any CPU
		{29C42694-17D0-4B86-9D0C-916D0B8BF0D8}.Debug|Any CPU.Build.0 = Debug|Any CPU
		{29C42694-17D0-4B86-9D0C-916D0B8BF0D8}.Release|Any CPU.ActiveCfg = Release|Any CPU
		{29C42694-17D0-4B86-9D0C-916D0B8BF0D8}.Release|Any CPU.Build.0 = Release|Any CPU
		{65C09EEE-7AA2-4F0B-9808-3CD8C61A4A7A}.Debug|Any CPU.ActiveCfg = Debug|Any CPU
		{65C09EEE-7AA2-4F0B-9808-3CD8C61A4A7A}.Debug|Any CPU.Build.0 = Debug|Any CPU
		{65C09EEE-7AA2-4F0B-9808-3CD8C61A4A7A}.Release|Any CPU.ActiveCfg = Release|Any CPU
		{65C09EEE-7AA2-4F0B-9808-3CD8C61A4A7A}.Release|Any CPU.Build.0 = Release|Any CPU
		{217B7F7E-C9D7-4350-95F6-7BC5EA99A10C}.Debug|Any CPU.ActiveCfg = Debug|Any CPU
		{217B7F7E-C9D7-4350-95F6-7BC5EA99A10C}.Debug|Any CPU.Build.0 = Debug|Any CPU
		{217B7F7E-C9D7-4350-95F6-7BC5EA99A10C}.Release|Any CPU.ActiveCfg = Release|Any CPU
		{217B7F7E-C9D7-4350-95F6-7BC5EA99A10C}.Release|Any CPU.Build.0 = Release|Any CPU
		{65A560DD-45E9-46C2-8B5C-69243221EDFF}.Debug|Any CPU.ActiveCfg = Debug|Any CPU
		{65A560DD-45E9-46C2-8B5C-69243221EDFF}.Debug|Any CPU.Build.0 = Debug|Any CPU
		{65A560DD-45E9-46C2-8B5C-69243221EDFF}.Release|Any CPU.ActiveCfg = Release|Any CPU
		{65A560DD-45E9-46C2-8B5C-69243221EDFF}.Release|Any CPU.Build.0 = Release|Any CPU
	EndGlobalSection
	GlobalSection(SolutionProperties) = preSolution
		HideSolutionNode = FALSE
	EndGlobalSection
	GlobalSection(ExtensibilityGlobals) = postSolution
		SolutionGuid = {1D529521-FFAF-4FD5-BB0A-87A0CA84A88C}
	EndGlobalSection
EndGlobal
